// !$*UTF8*$!
{
	archiveVersion = 1;
	classes = {
	};
	objectVersion = 50;
	objects = {

/* Begin PBXBuildFile section */
		D130E41F229036FD00131CAF /* AppDelegate.swift in Sources */ = {isa = PBXBuildFile; fileRef = D130E41E229036FD00131CAF /* AppDelegate.swift */; };
		D130E421229036FD00131CAF /* ViewController.swift in Sources */ = {isa = PBXBuildFile; fileRef = D130E420229036FD00131CAF /* ViewController.swift */; };
		D130E424229036FD00131CAF /* Main.storyboard in Resources */ = {isa = PBXBuildFile; fileRef = D130E422229036FD00131CAF /* Main.storyboard */; };
		D130E427229036FD00131CAF /* _5_Delegates.xcdatamodeld in Sources */ = {isa = PBXBuildFile; fileRef = D130E425229036FD00131CAF /* _5_Delegates.xcdatamodeld */; };
		D130E429229036FE00131CAF /* Assets.xcassets in Resources */ = {isa = PBXBuildFile; fileRef = D130E428229036FE00131CAF /* Assets.xcassets */; };
		D130E42C229036FE00131CAF /* LaunchScreen.storyboard in Resources */ = {isa = PBXBuildFile; fileRef = D130E42A229036FE00131CAF /* LaunchScreen.storyboard */; };
		D1A86F1722946BC000872B7F /* CustomView.swift in Sources */ = {isa = PBXBuildFile; fileRef = D1A86F1622946BC000872B7F /* CustomView.swift */; };
/* End PBXBuildFile section */

/* Begin PBXFileReference section */
		D130E41B229036FD00131CAF /* 05-Delegates.app */ = {isa = PBXFileReference; explicitFileType = wrapper.application; includeInIndex = 0; path = "05-Delegates.app"; sourceTree = BUILT_PRODUCTS_DIR; };
		D130E41E229036FD00131CAF /* AppDelegate.swift */ = {isa = PBXFileReference; lastKnownFileType = sourcecode.swift; path = AppDelegate.swift; sourceTree = "<group>"; };
		D130E420229036FD00131CAF /* ViewController.swift */ = {isa = PBXFileReference; lastKnownFileType = sourcecode.swift; path = ViewController.swift; sourceTree = "<group>"; };
		D130E423229036FD00131CAF /* Base */ = {isa = PBXFileReference; lastKnownFileType = file.storyboard; name = Base; path = Base.lproj/Main.storyboard; sourceTree = "<group>"; };
		D130E426229036FD00131CAF /* _5_Delegates.xcdatamodel */ = {isa = PBXFileReference; lastKnownFileType = wrapper.xcdatamodel; path = _5_Delegates.xcdatamodel; sourceTree = "<group>"; };
		D130E428229036FE00131CAF /* Assets.xcassets */ = {isa = PBXFileReference; lastKnownFileType = folder.assetcatalog; path = Assets.xcassets; sourceTree = "<group>"; };
		D130E42B229036FE00131CAF /* Base */ = {isa = PBXFileReference; lastKnownFileType = file.storyboard; name = Base; path = Base.lproj/LaunchScreen.storyboard; sourceTree = "<group>"; };
		D130E42D229036FE00131CAF /* Info.plist */ = {isa = PBXFileReference; lastKnownFileType = text.plist.xml; path = Info.plist; sourceTree = "<group>"; };
		D1A86F1622946BC000872B7F /* CustomView.swift */ = {isa = PBXFileReference; lastKnownFileType = sourcecode.swift; path = CustomView.swift; sourceTree = "<group>"; };
/* End PBXFileReference section */

/* Begin PBXFrameworksBuildPhase section */
		D130E418229036FD00131CAF /* Frameworks */ = {
			isa = PBXFrameworksBuildPhase;
			buildActionMask = 2147483647;
			files = (
			);
			runOnlyForDeploymentPostprocessing = 0;
		};
/* End PBXFrameworksBuildPhase section */

/* Begin PBXGroup section */
		D130E412229036FD00131CAF = {
			isa = PBXGroup;
			children = (
				D130E41D229036FD00131CAF /* 05-Delegates */,
				D130E41C229036FD00131CAF /* Products */,
			);
			sourceTree = "<group>";
		};
		D130E41C229036FD00131CAF /* Products */ = {
			isa = PBXGroup;
			children = (
				D130E41B229036FD00131CAF /* 05-Delegates.app */,
			);
			name = Products;
			sourceTree = "<group>";
		};
		D130E41D229036FD00131CAF /* 05-Delegates */ = {
			isa = PBXGroup;
			children = (
				D130E41E229036FD00131CAF /* AppDelegate.swift */,
				D130E420229036FD00131CAF /* ViewController.swift */,
				D1A86F1622946BC000872B7F /* CustomView.swift */,
				D130E422229036FD00131CAF /* Main.storyboard */,
				D130E428229036FE00131CAF /* Assets.xcassets */,
				D130E42A229036FE00131CAF /* LaunchScreen.storyboard */,
				D130E42D229036FE00131CAF /* Info.plist */,
				D130E425229036FD00131CAF /* _5_Delegates.xcdatamodeld */,
			);
			path = "05-Delegates";
			sourceTree = "<group>";
		};
/* End PBXGroup section */

/* Begin PBXNativeTarget section */
		D130E41A229036FD00131CAF /* 05-Delegates */ = {
			isa = PBXNativeTarget;
			buildConfigurationList = D130E430229036FE00131CAF /* Build configuration list for PBXNativeTarget "05-Delegates" */;
			buildPhases = (
				D130E417229036FD00131CAF /* Sources */,
				D130E418229036FD00131CAF /* Frameworks */,
				D130E419229036FD00131CAF /* Resources */,
			);
			buildRules = (
			);
			dependencies = (
			);
			name = "05-Delegates";
			productName = "05-Delegates";
			productReference = D130E41B229036FD00131CAF /* 05-Delegates.app */;
			productType = "com.apple.product-type.application";
		};
/* End PBXNativeTarget section */

/* Begin PBXProject section */
		D130E413229036FD00131CAF /* Project object */ = {
			isa = PBXProject;
			attributes = {
				LastSwiftUpdateCheck = 1010;
				LastUpgradeCheck = 1010;
				ORGANIZATIONNAME = "Bhagat Singh";
				TargetAttributes = {
					D130E41A229036FD00131CAF = {
						CreatedOnToolsVersion = 10.1;
					};
				};
			};
			buildConfigurationList = D130E416229036FD00131CAF /* Build configuration list for PBXProject "05-Delegates" */;
			compatibilityVersion = "Xcode 9.3";
			developmentRegion = en;
			hasScannedForEncodings = 0;
			knownRegions = (
				en,
				Base,
			);
			mainGroup = D130E412229036FD00131CAF;
			productRefGroup = D130E41C229036FD00131CAF /* Products */;
			projectDirPath = "";
			projectRoot = "";
			targets = (
				D130E41A229036FD00131CAF /* 05-Delegates */,
			);
		};
/* End PBXProject section */

/* Begin PBXResourcesBuildPhase section */
		D130E419229036FD00131CAF /* Resources */ = {
			isa = PBXResourcesBuildPhase;
			buildActionMask = 2147483647;
			files = (
				D130E42C229036FE00131CAF /* LaunchScreen.storyboard in Resources */,
				D130E429229036FE00131CAF /* Assets.xcassets in Resources */,
				D130E424229036FD00131CAF /* Main.storyboard in Resources */,
			);
			runOnlyForDeploymentPostprocessing = 0;
		};
/* End PBXResourcesBuildPhase section */

/* Begin PBXSourcesBuildPhase section */
		D130E417229036FD00131CAF /* Sources */ = {
			isa = PBXSourcesBuildPhase;
			buildActionMask = 2147483647;
			files = (
				D130E427229036FD00131CAF /* _5_Delegates.xcdatamodeld in Sources */,
				D1A86F1722946BC000872B7F /* CustomView.swift in Sources */,
				D130E421229036FD00131CAF /* ViewController.swift in Sources */,
				D130E41F229036FD00131CAF /* AppDelegate.swift in Sources */,
			);
			runOnlyForDeploymentPostprocessing = 0;
		};
/* End PBXSourcesBuildPhase section */

/* Begin PBXVariantGroup section */
		D130E422229036FD00131CAF /* Main.storyboard */ = {
			isa = PBXVariantGroup;
			children = (
				D130E423229036FD00131CAF /* Base */,
			);
			name = Main.storyboard;
			sourceTree = "<group>";
		};
		D130E42A229036FE00131CAF /* LaunchScreen.storyboard */ = {
			isa = PBXVariantGroup;
			children = (
				D130E42B229036FE00131CAF /* Base */,
			);
			name = LaunchScreen.storyboard;
			sourceTree = "<group>";
		};
/* End PBXVariantGroup section */

/* Begin XCBuildConfiguration section */
		D130E42E229036FE00131CAF /* Debug */ = {
			isa = XCBuildConfiguration;
			buildSettings = {
				ALWAYS_SEARCH_USER_PATHS = NO;
				CLANG_ANALYZER_NONNULL = YES;
				CLANG_ANALYZER_NUMBER_OBJECT_CONVERSION = YES_AGGRESSIVE;
				CLANG_CXX_LANGUAGE_STANDARD = "gnu++14";
				CLANG_CXX_LIBRARY = "libc++";
				CLANG_ENABLE_MODULES = YES;
				CLANG_ENABLE_OBJC_ARC = YES;
				CLANG_ENABLE_OBJC_WEAK = YES;
				CLANG_WARN_BLOCK_CAPTURE_AUTORELEASING = YES;
				CLANG_WARN_BOOL_CONVERSION = YES;
				CLANG_WARN_COMMA = YES;
				CLANG_WARN_CONSTANT_CONVERSION = YES;
				CLANG_WARN_DEPRECATED_OBJC_IMPLEMENTATIONS = YES;
				CLANG_WARN_DIRECT_OBJC_ISA_USAGE = YES_ERROR;
				CLANG_WARN_DOCUMENTATION_COMMENTS = YES;
				CLANG_WARN_EMPTY_BODY = YES;
				CLANG_WARN_ENUM_CONVERSION = YES;
				CLANG_WARN_INFINITE_RECURSION = YES;
				CLANG_WARN_INT_CONVERSION = YES;
				CLANG_WARN_NON_LITERAL_NULL_CONVERSION = YES;
				CLANG_WARN_OBJC_IMPLICIT_RETAIN_SELF = YES;
				CLANG_WARN_OBJC_LITERAL_CONVERSION = YES;
				CLANG_WARN_OBJC_ROOT_CLASS = YES_ERROR;
				CLANG_WARN_RANGE_LOOP_ANALYSIS = YES;
				CLANG_WARN_STRICT_PROTOTYPES = YES;
				CLANG_WARN_SUSPICIOUS_MOVE = YES;
				CLANG_WARN_UNGUARDED_AVAILABILITY = YES_AGGRESSIVE;
				CLANG_WARN_UNREACHABLE_CODE = YES;
				CLANG_WARN__DUPLICATE_METHOD_MATCH = YES;
				CODE_SIGN_IDENTITY = "iPhone Developer";
				COPY_PHASE_STRIP = NO;
				DEBUG_INFORMATION_FORMAT = dwarf;
				ENABLE_STRICT_OBJC_MSGSEND = YES;
				ENABLE_TESTABILITY = YES;
				GCC_C_LANGUAGE_STANDARD = gnu11;
				GCC_DYNAMIC_NO_PIC = NO;
				GCC_NO_COMMON_BLOCKS = YES;
				GCC_OPTIMIZATION_LEVEL = 0;
				GCC_PREPROCESSOR_DEFINITIONS = (
					"DEBUG=1",
					"$(inherited)",
				);
				GCC_WARN_64_TO_32_BIT_CONVERSION = YES;
				GCC_WARN_ABOUT_RETURN_TYPE = YES_ERROR;
				GCC_WARN_UNDECLARED_SELECTOR = YES;
				GCC_WARN_UNINITIALIZED_AUTOS = YES_AGGRESSIVE;
				GCC_WARN_UNUSED_FUNCTION = YES;
				GCC_WARN_UNUSED_VARIABLE = YES;
				IPHONEOS_DEPLOYMENT_TARGET = 12.1;
				MTL_ENABLE_DEBUG_INFO = INCLUDE_SOURCE;
				MTL_FAST_MATH = YES;
				ONLY_ACTIVE_ARCH = YES;
				SDKROOT = iphoneos;
				SWIFT_ACTIVE_COMPILATION_CONDITIONS = DEBUG;
				SWIFT_OPTIMIZATION_LEVEL = "-Onone";
			};
			name = Debug;
		};
		D130E42F229036FE00131CAF /* Release */ = {
			isa = XCBuildConfiguration;
			buildSettings = {
				ALWAYS_SEARCH_USER_PATHS = NO;
				CLANG_ANALYZER_NONNULL = YES;
				CLANG_ANALYZER_NUMBER_OBJECT_CONVERSION = YES_AGGRESSIVE;
				CLANG_CXX_LANGUAGE_STANDARD = "gnu++14";
				CLANG_CXX_LIBRARY = "libc++";
				CLANG_ENABLE_MODULES = YES;
				CLANG_ENABLE_OBJC_ARC = YES;
				CLANG_ENABLE_OBJC_WEAK = YES;
				CLANG_WARN_BLOCK_CAPTURE_AUTORELEASING = YES;
				CLANG_WARN_BOOL_CONVERSION = YES;
				CLANG_WARN_COMMA = YES;
				CLANG_WARN_CONSTANT_CONVERSION = YES;
				CLANG_WARN_DEPRECATED_OBJC_IMPLEMENTATIONS = YES;
				CLANG_WARN_DIRECT_OBJC_ISA_USAGE = YES_ERROR;
				CLANG_WARN_DOCUMENTATION_COMMENTS = YES;
				CLANG_WARN_EMPTY_BODY = YES;
				CLANG_WARN_ENUM_CONVERSION = YES;
				CLANG_WARN_INFINITE_RECURSION = YES;
				CLANG_WARN_INT_CONVERSION = YES;
				CLANG_WARN_NON_LITERAL_NULL_CONVERSION = YES;
				CLANG_WARN_OBJC_IMPLICIT_RETAIN_SELF = YES;
				CLANG_WARN_OBJC_LITERAL_CONVERSION = YES;
				CLANG_WARN_OBJC_ROOT_CLASS = YES_ERROR;
				CLANG_WARN_RANGE_LOOP_ANALYSIS = YES;
				CLANG_WARN_STRICT_PROTOTYPES = YES;
				CLANG_WARN_SUSPICIOUS_MOVE = YES;
				CLANG_WARN_UNGUARDED_AVAILABILITY = YES_AGGRESSIVE;
				CLANG_WARN_UNREACHABLE_CODE = YES;
				CLANG_WARN__DUPLICATE_METHOD_MATCH = YES;
				CODE_SIGN_IDENTITY = "iPhone Developer";
				COPY_PHASE_STRIP = NO;
				DEBUG_INFORMATION_FORMAT = "dwarf-with-dsym";
				ENABLE_NS_ASSERTIONS = NO;
				ENABLE_STRICT_OBJC_MSGSEND = YES;
				GCC_C_LANGUAGE_STANDARD = gnu11;
				GCC_NO_COMMON_BLOCKS = YES;
				GCC_WARN_64_TO_32_BIT_CONVERSION = YES;
				GCC_WARN_ABOUT_RETURN_TYPE = YES_ERROR;
				GCC_WARN_UNDECLARED_SELECTOR = YES;
				GCC_WARN_UNINITIALIZED_AUTOS = YES_AGGRESSIVE;
				GCC_WARN_UNUSED_FUNCTION = YES;
				GCC_WARN_UNUSED_VARIABLE = YES;
				IPHONEOS_DEPLOYMENT_TARGET = 12.1;
				MTL_ENABLE_DEBUG_INFO = NO;
				MTL_FAST_MATH = YES;
				SDKROOT = iphoneos;
				SWIFT_COMPILATION_MODE = wholemodule;
				SWIFT_OPTIMIZATION_LEVEL = "-O";
				VALIDATE_PRODUCT = YES;
			};
			name = Release;
		};
		D130E431229036FE00131CAF /* Debug */ = {
			isa = XCBuildConfiguration;
			buildSettings = {
				ASSETCATALOG_COMPILER_APPICON_NAME = AppIcon;
				CODE_SIGN_STYLE = Automatic;
				DEVELOPMENT_TEAM = VG36S3M9UZ;
				INFOPLIST_FILE = "05-Delegates/Info.plist";
				LD_RUNPATH_SEARCH_PATHS = (
					"$(inherited)",
					"@executable_path/Frameworks",
				);
				PRODUCT_BUNDLE_IDENTIFIER = "com.bhagatsingh.-5-Delegates";
				PRODUCT_NAME = "$(TARGET_NAME)";
				SWIFT_VERSION = 4.2;
				TARGETED_DEVICE_FAMILY = "1,2";
			};
			name = Debug;
		};
		D130E432229036FE00131CAF /* Release */ = {
			isa = XCBuildConfiguration;
			buildSettings = {
				ASSETCATALOG_COMPILER_APPICON_NAME = AppIcon;
				CODE_SIGN_STYLE = Automatic;
				DEVELOPMENT_TEAM = VG36S3M9UZ;
				INFOPLIST_FILE = "05-Delegates/Info.plist";
				LD_RUNPATH_SEARCH_PATHS = (
					"$(inherited)",
					"@executable_path/Frameworks",
				);
				PRODUCT_BUNDLE_IDENTIFIER = "com.bhagatsingh.-5-Delegates";
				PRODUCT_NAME = "$(TARGET_NAME)";
				SWIFT_VERSION = 4.2;
				TARGETED_DEVICE_FAMILY = "1,2";
			};
			name = Release;
		};
/* End XCBuildConfiguration section */

/* Begin XCConfigurationList section */
		D130E416229036FD00131CAF /* Build configuration list for PBXProject "05-Delegates" */ = {
			isa = XCConfigurationList;
			buildConfigurations = (
				D130E42E229036FE00131CAF /* Debug */,
				D130E42F229036FE00131CAF /* Release */,
			);
			defaultConfigurationIsVisible = 0;
			defaultConfigurationName = Release;
		};
		D130E430229036FE00131CAF /* Build configuration list for PBXNativeTarget "05-Delegates" */ = {
			isa = XCConfigurationList;
			buildConfigurations = (
				D130E431229036FE00131CAF /* Debug */,
				D130E432229036FE00131CAF /* Release */,
			);
			defaultConfigurationIsVisible = 0;
			defaultConfigurationName = Release;
		};
/* End XCConfigurationList section */

/* Begin XCVersionGroup section */
		D130E425229036FD00131CAF /* _5_Delegates.xcdatamodeld */ = {
			isa = XCVersionGroup;
			children = (
				D130E426229036FD00131CAF /* _5_Delegates.xcdatamodel */,
			);
			currentVersion = D130E426229036FD00131CAF /* _5_Delegates.xcdatamodel */;
			path = _5_Delegates.xcdatamodeld;
			sourceTree = "<group>";
			versionGroupType = wrapper.xcdatamodel;
		};
/* End XCVersionGroup section */
	};
	rootObject = D130E413229036FD00131CAF /* Project object */;
}
